// !$*UTF8*$!
{
	archiveVersion = 1;
	classes = {
	};
	objectVersion = 46;
	objects = {

/* Begin PBXBuildFile section */
		002F92E21C78D11500AD0B0D /* Enums.swift in Sources */ = {isa = PBXBuildFile; fileRef = 002F92E11C78D11500AD0B0D /* Enums.swift */; };
		004F84B61C70BBD800DBAF04 /* ImageProcessor.swift in Sources */ = {isa = PBXBuildFile; fileRef = 004F84B51C70BBD800DBAF04 /* ImageProcessor.swift */; };
		004F84B81C70BBFB00DBAF04 /* RGBAImageExtension.swift in Sources */ = {isa = PBXBuildFile; fileRef = 004F84B71C70BBFB00DBAF04 /* RGBAImageExtension.swift */; };
		00A199D81C7E2F590076E36D /* BlurView.swift in Sources */ = {isa = PBXBuildFile; fileRef = 00A199D71C7E2F590076E36D /* BlurView.swift */; };
		00EDC8201C6F30CA00B18C09 /* AppDelegate.swift in Sources */ = {isa = PBXBuildFile; fileRef = 00EDC81F1C6F30CA00B18C09 /* AppDelegate.swift */; };
		00EDC8221C6F30CA00B18C09 /* ViewController.swift in Sources */ = {isa = PBXBuildFile; fileRef = 00EDC8211C6F30CA00B18C09 /* ViewController.swift */; };
		00EDC8251C6F30CA00B18C09 /* Main.storyboard in Resources */ = {isa = PBXBuildFile; fileRef = 00EDC8231C6F30CA00B18C09 /* Main.storyboard */; };
		00EDC8271C6F30CA00B18C09 /* Assets.xcassets in Resources */ = {isa = PBXBuildFile; fileRef = 00EDC8261C6F30CA00B18C09 /* Assets.xcassets */; };
		00EDC82A1C6F30CA00B18C09 /* LaunchScreen.storyboard in Resources */ = {isa = PBXBuildFile; fileRef = 00EDC8281C6F30CA00B18C09 /* LaunchScreen.storyboard */; };
		00EDC8351C6F30CA00B18C09 /* Philip_s_FiltersTests.swift in Sources */ = {isa = PBXBuildFile; fileRef = 00EDC8341C6F30CA00B18C09 /* Philip_s_FiltersTests.swift */; };
		00EDC8401C6F30CA00B18C09 /* Philip_s_FiltersUITests.swift in Sources */ = {isa = PBXBuildFile; fileRef = 00EDC83F1C6F30CA00B18C09 /* Philip_s_FiltersUITests.swift */; };
		00EDC84E1C6F324900B18C09 /* RGBAImage.swift in Sources */ = {isa = PBXBuildFile; fileRef = 00EDC84D1C6F324900B18C09 /* RGBAImage.swift */; };
		00EDC8501C6F325300B18C09 /* Functions.swift in Sources */ = {isa = PBXBuildFile; fileRef = 00EDC84F1C6F325300B18C09 /* Functions.swift */; };
		00EDC8521C6F325C00B18C09 /* Filter.swift in Sources */ = {isa = PBXBuildFile; fileRef = 00EDC8511C6F325C00B18C09 /* Filter.swift */; };
		00FC46161C7F9D9D00C91FB0 /* CustomSlider.swift in Sources */ = {isa = PBXBuildFile; fileRef = 00FC46151C7F9D9D00C91FB0 /* CustomSlider.swift */; };
/* End PBXBuildFile section */

/* Begin PBXContainerItemProxy section */
		00EDC8311C6F30CA00B18C09 /* PBXContainerItemProxy */ = {
			isa = PBXContainerItemProxy;
			containerPortal = 00EDC8141C6F30CA00B18C09 /* Project object */;
			proxyType = 1;
			remoteGlobalIDString = 00EDC81B1C6F30CA00B18C09;
			remoteInfo = "Philip's Filters";
		};
		00EDC83C1C6F30CA00B18C09 /* PBXContainerItemProxy */ = {
			isa = PBXContainerItemProxy;
			containerPortal = 00EDC8141C6F30CA00B18C09 /* Project object */;
			proxyType = 1;
			remoteGlobalIDString = 00EDC81B1C6F30CA00B18C09;
			remoteInfo = "Philip's Filters";
		};
/* End PBXContainerItemProxy section */

/* Begin PBXFileReference section */
		002F92E11C78D11500AD0B0D /* Enums.swift */ = {isa = PBXFileReference; fileEncoding = 4; lastKnownFileType = sourcecode.swift; path = Enums.swift; sourceTree = "<group>"; };
		004F84B51C70BBD800DBAF04 /* ImageProcessor.swift */ = {isa = PBXFileReference; fileEncoding = 4; lastKnownFileType = sourcecode.swift; path = ImageProcessor.swift; sourceTree = "<group>"; };
		004F84B71C70BBFB00DBAF04 /* RGBAImageExtension.swift */ = {isa = PBXFileReference; fileEncoding = 4; lastKnownFileType = sourcecode.swift; path = RGBAImageExtension.swift; sourceTree = "<group>"; };
		00A199D71C7E2F590076E36D /* BlurView.swift */ = {isa = PBXFileReference; fileEncoding = 4; lastKnownFileType = sourcecode.swift; path = BlurView.swift; sourceTree = "<group>"; };
		00EDC81C1C6F30CA00B18C09 /* Philip's Filters.app */ = {isa = PBXFileReference; explicitFileType = wrapper.application; includeInIndex = 0; path = "Philip's Filters.app"; sourceTree = BUILT_PRODUCTS_DIR; };
		00EDC81F1C6F30CA00B18C09 /* AppDelegate.swift */ = {isa = PBXFileReference; lastKnownFileType = sourcecode.swift; path = AppDelegate.swift; sourceTree = "<group>"; };
		00EDC8211C6F30CA00B18C09 /* ViewController.swift */ = {isa = PBXFileReference; lastKnownFileType = sourcecode.swift; path = ViewController.swift; sourceTree = "<group>"; };
		00EDC8241C6F30CA00B18C09 /* Base */ = {isa = PBXFileReference; lastKnownFileType = file.storyboard; name = Base; path = Base.lproj/Main.storyboard; sourceTree = "<group>"; };
		00EDC8261C6F30CA00B18C09 /* Assets.xcassets */ = {isa = PBXFileReference; lastKnownFileType = folder.assetcatalog; path = Assets.xcassets; sourceTree = "<group>"; };
		00EDC8291C6F30CA00B18C09 /* Base */ = {isa = PBXFileReference; lastKnownFileType = file.storyboard; name = Base; path = Base.lproj/LaunchScreen.storyboard; sourceTree = "<group>"; };
		00EDC82B1C6F30CA00B18C09 /* Info.plist */ = {isa = PBXFileReference; lastKnownFileType = text.plist.xml; path = Info.plist; sourceTree = "<group>"; };
		00EDC8301C6F30CA00B18C09 /* Philip's FiltersTests.xctest */ = {isa = PBXFileReference; explicitFileType = wrapper.cfbundle; includeInIndex = 0; path = "Philip's FiltersTests.xctest"; sourceTree = BUILT_PRODUCTS_DIR; };
		00EDC8341C6F30CA00B18C09 /* Philip_s_FiltersTests.swift */ = {isa = PBXFileReference; lastKnownFileType = sourcecode.swift; path = Philip_s_FiltersTests.swift; sourceTree = "<group>"; };
		00EDC8361C6F30CA00B18C09 /* Info.plist */ = {isa = PBXFileReference; lastKnownFileType = text.plist.xml; path = Info.plist; sourceTree = "<group>"; };
		00EDC83B1C6F30CA00B18C09 /* Philip's FiltersUITests.xctest */ = {isa = PBXFileReference; explicitFileType = wrapper.cfbundle; includeInIndex = 0; path = "Philip's FiltersUITests.xctest"; sourceTree = BUILT_PRODUCTS_DIR; };
		00EDC83F1C6F30CA00B18C09 /* Philip_s_FiltersUITests.swift */ = {isa = PBXFileReference; lastKnownFileType = sourcecode.swift; path = Philip_s_FiltersUITests.swift; sourceTree = "<group>"; };
		00EDC8411C6F30CA00B18C09 /* Info.plist */ = {isa = PBXFileReference; lastKnownFileType = text.plist.xml; path = Info.plist; sourceTree = "<group>"; };
		00EDC84D1C6F324900B18C09 /* RGBAImage.swift */ = {isa = PBXFileReference; fileEncoding = 4; lastKnownFileType = sourcecode.swift; path = RGBAImage.swift; sourceTree = "<group>"; };
		00EDC84F1C6F325300B18C09 /* Functions.swift */ = {isa = PBXFileReference; fileEncoding = 4; lastKnownFileType = sourcecode.swift; path = Functions.swift; sourceTree = "<group>"; };
		00EDC8511C6F325C00B18C09 /* Filter.swift */ = {isa = PBXFileReference; fileEncoding = 4; lastKnownFileType = sourcecode.swift; path = Filter.swift; sourceTree = "<group>"; };
		00FC46151C7F9D9D00C91FB0 /* CustomSlider.swift */ = {isa = PBXFileReference; fileEncoding = 4; lastKnownFileType = sourcecode.swift; path = CustomSlider.swift; sourceTree = "<group>"; };
/* End PBXFileReference section */

/* Begin PBXFrameworksBuildPhase section */
		00EDC8191C6F30CA00B18C09 /* Frameworks */ = {
			isa = PBXFrameworksBuildPhase;
			buildActionMask = 2147483647;
			files = (
			);
			runOnlyForDeploymentPostprocessing = 0;
		};
		00EDC82D1C6F30CA00B18C09 /* Frameworks */ = {
			isa = PBXFrameworksBuildPhase;
			buildActionMask = 2147483647;
			files = (
			);
			runOnlyForDeploymentPostprocessing = 0;
		};
		00EDC8381C6F30CA00B18C09 /* Frameworks */ = {
			isa = PBXFrameworksBuildPhase;
			buildActionMask = 2147483647;
			files = (
			);
			runOnlyForDeploymentPostprocessing = 0;
		};
/* End PBXFrameworksBuildPhase section */

/* Begin PBXGroup section */
		00EDC8131C6F30CA00B18C09 = {
			isa = PBXGroup;
			children = (
				00EDC81E1C6F30CA00B18C09 /* Philip's Filters */,
				00EDC8331C6F30CA00B18C09 /* Philip's FiltersTests */,
				00EDC83E1C6F30CA00B18C09 /* Philip's FiltersUITests */,
				00EDC81D1C6F30CA00B18C09 /* Products */,
			);
			sourceTree = "<group>";
		};
		00EDC81D1C6F30CA00B18C09 /* Products */ = {
			isa = PBXGroup;
			children = (
				00EDC81C1C6F30CA00B18C09 /* Philip's Filters.app */,
				00EDC8301C6F30CA00B18C09 /* Philip's FiltersTests.xctest */,
				00EDC83B1C6F30CA00B18C09 /* Philip's FiltersUITests.xctest */,
			);
			name = Products;
			sourceTree = "<group>";
		};
		00EDC81E1C6F30CA00B18C09 /* Philip's Filters */ = {
			isa = PBXGroup;
			children = (
				00EDC84D1C6F324900B18C09 /* RGBAImage.swift */,
				00EDC84F1C6F325300B18C09 /* Functions.swift */,
				00EDC81F1C6F30CA00B18C09 /* AppDelegate.swift */,
				00EDC8511C6F325C00B18C09 /* Filter.swift */,
				004F84B51C70BBD800DBAF04 /* ImageProcessor.swift */,
				00EDC8211C6F30CA00B18C09 /* ViewController.swift */,
				00A199D71C7E2F590076E36D /* BlurView.swift */,
				002F92E11C78D11500AD0B0D /* Enums.swift */,
				004F84B71C70BBFB00DBAF04 /* RGBAImageExtension.swift */,
				00EDC8231C6F30CA00B18C09 /* Main.storyboard */,
				00FC46151C7F9D9D00C91FB0 /* CustomSlider.swift */,
				00EDC8261C6F30CA00B18C09 /* Assets.xcassets */,
				00EDC8281C6F30CA00B18C09 /* LaunchScreen.storyboard */,
				00EDC82B1C6F30CA00B18C09 /* Info.plist */,
			);
			path = "Philip's Filters";
			sourceTree = "<group>";
		};
		00EDC8331C6F30CA00B18C09 /* Philip's FiltersTests */ = {
			isa = PBXGroup;
			children = (
				00EDC8341C6F30CA00B18C09 /* Philip_s_FiltersTests.swift */,
				00EDC8361C6F30CA00B18C09 /* Info.plist */,
			);
			path = "Philip's FiltersTests";
			sourceTree = "<group>";
		};
		00EDC83E1C6F30CA00B18C09 /* Philip's FiltersUITests */ = {
			isa = PBXGroup;
			children = (
				00EDC83F1C6F30CA00B18C09 /* Philip_s_FiltersUITests.swift */,
				00EDC8411C6F30CA00B18C09 /* Info.plist */,
			);
			path = "Philip's FiltersUITests";
			sourceTree = "<group>";
		};
/* End PBXGroup section */

/* Begin PBXNativeTarget section */
		00EDC81B1C6F30CA00B18C09 /* Philip's Filters */ = {
			isa = PBXNativeTarget;
			buildConfigurationList = 00EDC8441C6F30CA00B18C09 /* Build configuration list for PBXNativeTarget "Philip's Filters" */;
			buildPhases = (
				00EDC8181C6F30CA00B18C09 /* Sources */,
				00EDC8191C6F30CA00B18C09 /* Frameworks */,
				00EDC81A1C6F30CA00B18C09 /* Resources */,
			);
			buildRules = (
			);
			dependencies = (
			);
			name = "Philip's Filters";
			productName = "Philip's Filters";
			productReference = 00EDC81C1C6F30CA00B18C09 /* Philip's Filters.app */;
			productType = "com.apple.product-type.application";
		};
		00EDC82F1C6F30CA00B18C09 /* Philip's FiltersTests */ = {
			isa = PBXNativeTarget;
			buildConfigurationList = 00EDC8471C6F30CA00B18C09 /* Build configuration list for PBXNativeTarget "Philip's FiltersTests" */;
			buildPhases = (
				00EDC82C1C6F30CA00B18C09 /* Sources */,
				00EDC82D1C6F30CA00B18C09 /* Frameworks */,
				00EDC82E1C6F30CA00B18C09 /* Resources */,
			);
			buildRules = (
			);
			dependencies = (
				00EDC8321C6F30CA00B18C09 /* PBXTargetDependency */,
			);
			name = "Philip's FiltersTests";
			productName = "Philip's FiltersTests";
			productReference = 00EDC8301C6F30CA00B18C09 /* Philip's FiltersTests.xctest */;
			productType = "com.apple.product-type.bundle.unit-test";
		};
		00EDC83A1C6F30CA00B18C09 /* Philip's FiltersUITests */ = {
			isa = PBXNativeTarget;
			buildConfigurationList = 00EDC84A1C6F30CA00B18C09 /* Build configuration list for PBXNativeTarget "Philip's FiltersUITests" */;
			buildPhases = (
				00EDC8371C6F30CA00B18C09 /* Sources */,
				00EDC8381C6F30CA00B18C09 /* Frameworks */,
				00EDC8391C6F30CA00B18C09 /* Resources */,
			);
			buildRules = (
			);
			dependencies = (
				00EDC83D1C6F30CA00B18C09 /* PBXTargetDependency */,
			);
			name = "Philip's FiltersUITests";
			productName = "Philip's FiltersUITests";
			productReference = 00EDC83B1C6F30CA00B18C09 /* Philip's FiltersUITests.xctest */;
			productType = "com.apple.product-type.bundle.ui-testing";
		};
/* End PBXNativeTarget section */

/* Begin PBXProject section */
		00EDC8141C6F30CA00B18C09 /* Project object */ = {
			isa = PBXProject;
			attributes = {
				LastSwiftUpdateCheck = 0720;
				LastUpgradeCheck = 0720;
				ORGANIZATIONNAME = "Philip Belov";
				TargetAttributes = {
					00EDC81B1C6F30CA00B18C09 = {
						CreatedOnToolsVersion = 7.2.1;
						DevelopmentTeam = 32FXQ8GC22;
					};
					00EDC82F1C6F30CA00B18C09 = {
						CreatedOnToolsVersion = 7.2.1;
						TestTargetID = 00EDC81B1C6F30CA00B18C09;
					};
					00EDC83A1C6F30CA00B18C09 = {
						CreatedOnToolsVersion = 7.2.1;
						TestTargetID = 00EDC81B1C6F30CA00B18C09;
					};
				};
			};
			buildConfigurationList = 00EDC8171C6F30CA00B18C09 /* Build configuration list for PBXProject "Philip's Filters" */;
			compatibilityVersion = "Xcode 3.2";
			developmentRegion = English;
			hasScannedForEncodings = 0;
			knownRegions = (
				en,
				Base,
			);
			mainGroup = 00EDC8131C6F30CA00B18C09;
			productRefGroup = 00EDC81D1C6F30CA00B18C09 /* Products */;
			projectDirPath = "";
			projectRoot = "";
			targets = (
				00EDC81B1C6F30CA00B18C09 /* Philip's Filters */,
				00EDC82F1C6F30CA00B18C09 /* Philip's FiltersTests */,
				00EDC83A1C6F30CA00B18C09 /* Philip's FiltersUITests */,
			);
		};
/* End PBXProject section */

/* Begin PBXResourcesBuildPhase section */
		00EDC81A1C6F30CA00B18C09 /* Resources */ = {
			isa = PBXResourcesBuildPhase;
			buildActionMask = 2147483647;
			files = (
				00EDC82A1C6F30CA00B18C09 /* LaunchScreen.storyboard in Resources */,
				00EDC8271C6F30CA00B18C09 /* Assets.xcassets in Resources */,
				00EDC8251C6F30CA00B18C09 /* Main.storyboard in Resources */,
			);
			runOnlyForDeploymentPostprocessing = 0;
		};
		00EDC82E1C6F30CA00B18C09 /* Resources */ = {
			isa = PBXResourcesBuildPhase;
			buildActionMask = 2147483647;
			files = (
			);
			runOnlyForDeploymentPostprocessing = 0;
		};
		00EDC8391C6F30CA00B18C09 /* Resources */ = {
			isa = PBXResourcesBuildPhase;
			buildActionMask = 2147483647;
			files = (
			);
			runOnlyForDeploymentPostprocessing = 0;
		};
/* End PBXResourcesBuildPhase section */

/* Begin PBXSourcesBuildPhase section */
		00EDC8181C6F30CA00B18C09 /* Sources */ = {
			isa = PBXSourcesBuildPhase;
			buildActionMask = 2147483647;
			files = (
				00EDC8221C6F30CA00B18C09 /* ViewController.swift in Sources */,
				00FC46161C7F9D9D00C91FB0 /* CustomSlider.swift in Sources */,
				00EDC8521C6F325C00B18C09 /* Filter.swift in Sources */,
				00EDC84E1C6F324900B18C09 /* RGBAImage.swift in Sources */,
				00EDC8201C6F30CA00B18C09 /* AppDelegate.swift in Sources */,
				004F84B81C70BBFB00DBAF04 /* RGBAImageExtension.swift in Sources */,
				00A199D81C7E2F590076E36D /* BlurView.swift in Sources */,
				004F84B61C70BBD800DBAF04 /* ImageProcessor.swift in Sources */,
				002F92E21C78D11500AD0B0D /* Enums.swift in Sources */,
				00EDC8501C6F325300B18C09 /* Functions.swift in Sources */,
			);
			runOnlyForDeploymentPostprocessing = 0;
		};
		00EDC82C1C6F30CA00B18C09 /* Sources */ = {
			isa = PBXSourcesBuildPhase;
			buildActionMask = 2147483647;
			files = (
				00EDC8351C6F30CA00B18C09 /* Philip_s_FiltersTests.swift in Sources */,
			);
			runOnlyForDeploymentPostprocessing = 0;
		};
		00EDC8371C6F30CA00B18C09 /* Sources */ = {
			isa = PBXSourcesBuildPhase;
			buildActionMask = 2147483647;
			files = (
				00EDC8401C6F30CA00B18C09 /* Philip_s_FiltersUITests.swift in Sources */,
			);
			runOnlyForDeploymentPostprocessing = 0;
		};
/* End PBXSourcesBuildPhase section */

/* Begin PBXTargetDependency section */
		00EDC8321C6F30CA00B18C09 /* PBXTargetDependency */ = {
			isa = PBXTargetDependency;
			target = 00EDC81B1C6F30CA00B18C09 /* Philip's Filters */;
			targetProxy = 00EDC8311C6F30CA00B18C09 /* PBXContainerItemProxy */;
		};
		00EDC83D1C6F30CA00B18C09 /* PBXTargetDependency */ = {
			isa = PBXTargetDependency;
			target = 00EDC81B1C6F30CA00B18C09 /* Philip's Filters */;
			targetProxy = 00EDC83C1C6F30CA00B18C09 /* PBXContainerItemProxy */;
		};
/* End PBXTargetDependency section */

/* Begin PBXVariantGroup section */
		00EDC8231C6F30CA00B18C09 /* Main.storyboard */ = {
			isa = PBXVariantGroup;
			children = (
				00EDC8241C6F30CA00B18C09 /* Base */,
			);
			name = Main.storyboard;
			sourceTree = "<group>";
		};
		00EDC8281C6F30CA00B18C09 /* LaunchScreen.storyboard */ = {
			isa = PBXVariantGroup;
			children = (
				00EDC8291C6F30CA00B18C09 /* Base */,
			);
			name = LaunchScreen.storyboard;
			sourceTree = "<group>";
		};
/* End PBXVariantGroup section */

/* Begin XCBuildConfiguration section */
		00EDC8421C6F30CA00B18C09 /* Debug */ = {
			isa = XCBuildConfiguration;
			buildSettings = {
				ALWAYS_SEARCH_USER_PATHS = NO;
				CLANG_CXX_LANGUAGE_STANDARD = "gnu++0x";
				CLANG_CXX_LIBRARY = "libc++";
				CLANG_ENABLE_MODULES = YES;
				CLANG_ENABLE_OBJC_ARC = YES;
				CLANG_WARN_BOOL_CONVERSION = YES;
				CLANG_WARN_CONSTANT_CONVERSION = YES;
				CLANG_WARN_DIRECT_OBJC_ISA_USAGE = YES_ERROR;
				CLANG_WARN_EMPTY_BODY = YES;
				CLANG_WARN_ENUM_CONVERSION = YES;
				CLANG_WARN_INT_CONVERSION = YES;
				CLANG_WARN_OBJC_ROOT_CLASS = YES_ERROR;
				CLANG_WARN_UNREACHABLE_CODE = YES;
				CLANG_WARN__DUPLICATE_METHOD_MATCH = YES;
				"CODE_SIGN_IDENTITY[sdk=iphoneos*]" = "iPhone Developer";
				COPY_PHASE_STRIP = NO;
				DEBUG_INFORMATION_FORMAT = dwarf;
				ENABLE_STRICT_OBJC_MSGSEND = YES;
				ENABLE_TESTABILITY = YES;
				GCC_C_LANGUAGE_STANDARD = gnu99;
				GCC_DYNAMIC_NO_PIC = NO;
				GCC_NO_COMMON_BLOCKS = YES;
				GCC_OPTIMIZATION_LEVEL = 0;
				GCC_PREPROCESSOR_DEFINITIONS = (
					"DEBUG=1",
					"$(inherited)",
				);
				GCC_WARN_64_TO_32_BIT_CONVERSION = YES;
				GCC_WARN_ABOUT_RETURN_TYPE = YES_ERROR;
				GCC_WARN_UNDECLARED_SELECTOR = YES;
				GCC_WARN_UNINITIALIZED_AUTOS = YES_AGGRESSIVE;
				GCC_WARN_UNUSED_FUNCTION = YES;
				GCC_WARN_UNUSED_VARIABLE = YES;
				IPHONEOS_DEPLOYMENT_TARGET = 9.2;
				MTL_ENABLE_DEBUG_INFO = YES;
				ONLY_ACTIVE_ARCH = YES;
				SDKROOT = iphoneos;
				SWIFT_OPTIMIZATION_LEVEL = "-Onone";
				TARGETED_DEVICE_FAMILY = "1,2";
			};
			name = Debug;
		};
		00EDC8431C6F30CA00B18C09 /* Release */ = {
			isa = XCBuildConfiguration;
			buildSettings = {
				ALWAYS_SEARCH_USER_PATHS = NO;
				CLANG_CXX_LANGUAGE_STANDARD = "gnu++0x";
				CLANG_CXX_LIBRARY = "libc++";
				CLANG_ENABLE_MODULES = YES;
				CLANG_ENABLE_OBJC_ARC = YES;
				CLANG_WARN_BOOL_CONVERSION = YES;
				CLANG_WARN_CONSTANT_CONVERSION = YES;
				CLANG_WARN_DIRECT_OBJC_ISA_USAGE = YES_ERROR;
				CLANG_WARN_EMPTY_BODY = YES;
				CLANG_WARN_ENUM_CONVERSION = YES;
				CLANG_WARN_INT_CONVERSION = YES;
				CLANG_WARN_OBJC_ROOT_CLASS = YES_ERROR;
				CLANG_WARN_UNREACHABLE_CODE = YES;
				CLANG_WARN__DUPLICATE_METHOD_MATCH = YES;
				"CODE_SIGN_IDENTITY[sdk=iphoneos*]" = "iPhone Developer";
				COPY_PHASE_STRIP = NO;
				DEBUG_INFORMATION_FORMAT = "dwarf-with-dsym";
				ENABLE_NS_ASSERTIONS = NO;
				ENABLE_STRICT_OBJC_MSGSEND = YES;
				GCC_C_LANGUAGE_STANDARD = gnu99;
				GCC_NO_COMMON_BLOCKS = YES;
				GCC_WARN_64_TO_32_BIT_CONVERSION = YES;
				GCC_WARN_ABOUT_RETURN_TYPE = YES_ERROR;
				GCC_WARN_UNDECLARED_SELECTOR = YES;
				GCC_WARN_UNINITIALIZED_AUTOS = YES_AGGRESSIVE;
				GCC_WARN_UNUSED_FUNCTION = YES;
				GCC_WARN_UNUSED_VARIABLE = YES;
				IPHONEOS_DEPLOYMENT_TARGET = 9.2;
				MTL_ENABLE_DEBUG_INFO = NO;
				SDKROOT = iphoneos;
				TARGETED_DEVICE_FAMILY = "1,2";
				VALIDATE_PRODUCT = YES;
			};
			name = Release;
		};
		00EDC8451C6F30CA00B18C09 /* Debug */ = {
			isa = XCBuildConfiguration;
			buildSettings = {
				ASSETCATALOG_COMPILER_APPICON_NAME = AppIcon;
				CODE_SIGN_IDENTITY = "iPhone Developer";
				"CODE_SIGN_IDENTITY[sdk=iphoneos*]" = "iPhone Developer";
				INFOPLIST_FILE = "Philip's Filters/Info.plist";
				LD_RUNPATH_SEARCH_PATHS = "$(inherited) @executable_path/Frameworks";
				PRODUCT_BUNDLE_IDENTIFIER = "com.PhilipBelov.Philip-s-Filters";
				PRODUCT_NAME = "$(TARGET_NAME)";
				PROVISIONING_PROFILE = "";
			};
			name = Debug;
		};
		00EDC8461C6F30CA00B18C09 /* Release */ = {
			isa = XCBuildConfiguration;
			buildSettings = {
				ASSETCATALOG_COMPILER_APPICON_NAME = AppIcon;
				CODE_SIGN_IDENTITY = "iPhone Developer";
				"CODE_SIGN_IDENTITY[sdk=iphoneos*]" = "iPhone Developer";
				INFOPLIST_FILE = "Philip's Filters/Info.plist";
				LD_RUNPATH_SEARCH_PATHS = "$(inherited) @executable_path/Frameworks";
				PRODUCT_BUNDLE_IDENTIFIER = "com.PhilipBelov.Philip-s-Filters";
				PRODUCT_NAME = "$(TARGET_NAME)";
				PROVISIONING_PROFILE = "";
			};
			name = Release;
		};
		00EDC8481C6F30CA00B18C09 /* Debug */ = {
			isa = XCBuildConfiguration;
			buildSettings = {
				BUNDLE_LOADER = "$(TEST_HOST)";
				INFOPLIST_FILE = "Philip's FiltersTests/Info.plist";
				LD_RUNPATH_SEARCH_PATHS = "$(inherited) @executable_path/Frameworks @loader_path/Frameworks";
				PRODUCT_BUNDLE_IDENTIFIER = "com.PhilipBelov.Philip-s-FiltersTests";
				PRODUCT_NAME = "$(TARGET_NAME)";
				TEST_HOST = "$(BUILT_PRODUCTS_DIR)/Philip's Filters.app/Philip's Filters";
			};
			name = Debug;
		};
		00EDC8491C6F30CA00B18C09 /* Release */ = {
			isa = XCBuildConfiguration;
			buildSettings = {
				BUNDLE_LOADER = "$(TEST_HOST)";
				INFOPLIST_FILE = "Philip's FiltersTests/Info.plist";
				LD_RUNPATH_SEARCH_PATHS = "$(inherited) @executable_path/Frameworks @loader_path/Frameworks";
				PRODUCT_BUNDLE_IDENTIFIER = "com.PhilipBelov.Philip-s-FiltersTests";
				PRODUCT_NAME = "$(TARGET_NAME)";
				TEST_HOST = "$(BUILT_PRODUCTS_DIR)/Philip's Filters.app/Philip's Filters";
			};
			name = Release;
		};
		00EDC84B1C6F30CA00B18C09 /* Debug */ = {
			isa = XCBuildConfiguration;
			buildSettings = {
				INFOPLIST_FILE = "Philip's FiltersUITests/Info.plist";
				LD_RUNPATH_SEARCH_PATHS = "$(inherited) @executable_path/Frameworks @loader_path/Frameworks";
				PRODUCT_BUNDLE_IDENTIFIER = "com.PhilipBelov.Philip-s-FiltersUITests";
				PRODUCT_NAME = "$(TARGET_NAME)";
				TEST_TARGET_NAME = "Philip's Filters";
				USES_XCTRUNNER = YES;
			};
			name = Debug;
		};
		00EDC84C1C6F30CA00B18C09 /* Release */ = {
			isa = XCBuildConfiguration;
			buildSettings = {
				INFOPLIST_FILE = "Philip's FiltersUITests/Info.plist";
				LD_RUNPATH_SEARCH_PATHS = "$(inherited) @executable_path/Frameworks @loader_path/Frameworks";
				PRODUCT_BUNDLE_IDENTIFIER = "com.PhilipBelov.Philip-s-FiltersUITests";
				PRODUCT_NAME = "$(TARGET_NAME)";
				TEST_TARGET_NAME = "Philip's Filters";
				USES_XCTRUNNER = YES;
			};
			name = Release;
		};
/* End XCBuildConfiguration section */

/* Begin XCConfigurationList section */
		00EDC8171C6F30CA00B18C09 /* Build configuration list for PBXProject "Philip's Filters" */ = {
			isa = XCConfigurationList;
			buildConfigurations = (
				00EDC8421C6F30CA00B18C09 /* Debug */,
				00EDC8431C6F30CA00B18C09 /* Release */,
			);
			defaultConfigurationIsVisible = 0;
			defaultConfigurationName = Release;
		};
		00EDC8441C6F30CA00B18C09 /* Build configuration list for PBXNativeTarget "Philip's Filters" */ = {
			isa = XCConfigurationList;
			buildConfigurations = (
				00EDC8451C6F30CA00B18C09 /* Debug */,
				00EDC8461C6F30CA00B18C09 /* Release */,
			);
			defaultConfigurationIsVisible = 0;
			defaultConfigurationName = Release;
		};
		00EDC8471C6F30CA00B18C09 /* Build configuration list for PBXNativeTarget "Philip's FiltersTests" */ = {
			isa = XCConfigurationList;
			buildConfigurations = (
				00EDC8481C6F30CA00B18C09 /* Debug */,
				00EDC8491C6F30CA00B18C09 /* Release */,
			);
			defaultConfigurationIsVisible = 0;
			defaultConfigurationName = Release;
		};
		00EDC84A1C6F30CA00B18C09 /* Build configuration list for PBXNativeTarget "Philip's FiltersUITests" */ = {
			isa = XCConfigurationList;
			buildConfigurations = (
				00EDC84B1C6F30CA00B18C09 /* Debug */,
				00EDC84C1C6F30CA00B18C09 /* Release */,
			);
			defaultConfigurationIsVisible = 0;
			defaultConfigurationName = Release;
		};
/* End XCConfigurationList section */
	};
	rootObject = 00EDC8141C6F30CA00B18C09 /* Project object */;
}
